
Microsoft Visual Studio Solution File, Format Version 12.00
# Visual Studio Version 17
VisualStudioVersion = 17.14.36429.23 d17.14
MinimumVisualStudioVersion = 10.0.40219.1
Project("{FAE04EC0-301F-11D3-BF4B-00C04F79EFBC}") = "DbOperationsWithEfCoreApp", "DbOperationsWithEfCoreApp.csproj", "{FB823775-451D-46D8-9B00-9218BFB877A7}"
EndProject
Global
	GlobalSection(SolutionConfigurationPlatforms) = preSolution
		Debug|Any CPU = Debug|Any CPU
		Release|Any CPU = Release|Any CPU
	EndGlobalSection
	GlobalSection(ProjectConfigurationPlatforms) = postSolution
		{FB823775-451D-46D8-9B00-9218BFB877A7}.Debug|Any CPU.ActiveCfg = Debug|Any CPU
		{FB823775-451D-46D8-9B00-9218BFB877A7}.Debug|Any CPU.Build.0 = Debug|Any CPU
		{FB823775-451D-46D8-9B00-9218BFB877A7}.Release|Any CPU.ActiveCfg = Release|Any CPU
		{FB823775-451D-46D8-9B00-9218BFB877A7}.Release|Any CPU.Build.0 = Release|Any CPU
	EndGlobalSection
	GlobalSection(SolutionProperties) = preSolution
		HideSolutionNode = FALSE
	EndGlobalSection
	GlobalSection(ExtensibilityGlobals) = postSolution
		SolutionGuid = {5A0F50DE-4DFC-4D50-8A0D-883CEE5D84BB}
	EndGlobalSection
EndGlobal
